PODS:
  - Flutter (1.0.0)
  - google_maps_flutter_ios (0.0.1):
    - Flutter
    - GoogleMaps (< 10.0, >= 8.4)
  - GoogleMaps (9.0.0):
    - GoogleMaps/Maps (= 9.0.0)
  - GoogleMaps/Base (9.0.0)
  - GoogleMaps/Maps (9.0.0):
    - GoogleMaps/Base

DEPENDENCIES:
  - Flutter (from `Flutter`)
  - google_maps_flutter_ios (from `.symlinks/plugins/google_maps_flutter_ios/ios`)

SPEC REPOS:
  trunk:
    - GoogleMaps

EXTERNAL SOURCES:
  Flutter:
    :path: Flutter
  google_maps_flutter_ios:
    :path: ".symlinks/plugins/google_maps_flutter_ios/ios"

SPEC CHECKSUMS:
  Flutter: e0871f40cf51350855a761d2e70bf5af5b9b5de7
  google_maps_flutter_ios: 5bc2be60ad012e79b182ce0fb0ef5030a50fb03e
  GoogleMaps: 4907d0d42bf8cd58f56743e31f91d23c10682745

PODFILE CHECKSUM: 9c46fd01abff66081b39f5fa5767b3f1d0b11d76

COCOAPODS: 1.14.3
